<?xml version="1.0" encoding="utf-8"?>
<Project ToolsVersion="4.0" xmlns="http://schemas.microsoft.com/developer/msbuild/2003">
  <ItemGroup>
    <Filter Include="Source Files">
      <UniqueIdentifier>{4FC737F1-C7A5-4376-A066-2A32D752A2FF}</UniqueIdentifier>
      <Extensions>cpp;c;cc;cxx;c++;cppm;ixx;def;odl;idl;hpj;bat;asm;asmx</Extensions>
    </Filter>
    <Filter Include="Header Files">
      <UniqueIdentifier>{93995380-89BD-4b04-88EB-625FBE52EBFB}</UniqueIdentifier>
      <Extensions>h;hh;hpp;hxx;h++;hm;inl;inc;ipp;xsd</Extensions>
    </Filter>
    <Filter Include="Resource Files">
      <UniqueIdentifier>{67DA6AB6-F800-4c08-8B7A-83BB121AAD01}</UniqueIdentifier>
      <Extensions>rc;ico;cur;bmp;dlg;rc2;rct;bin;rgs;gif;jpg;jpeg;jpe;resx;tiff;tif;png;wav;mfcribbon-ms</Extensions>
    </Filter>
    <Filter Include="Source Files\imgui">
      <UniqueIdentifier>{c93dd22d-cd61-48c5-b77f-4323ec5ba2d6}</UniqueIdentifier>
    </Filter>
    <Filter Include="Header Files\imgui">
      <UniqueIdentifier>{1e7826f3-c70e-40f4-ac74-d6c533d909d3}</UniqueIdentifier>
    </Filter>
    <Filter Include="Header Files\utility">
      <UniqueIdentifier>{6ea15fa0-0fcc-4901-8362-0b655dff3e16}</UniqueIdentifier>
    </Filter>
    <Filter Include="Source Files\utility">
      <UniqueIdentifier>{620fc3b8-1726-4b1d-8f06-20e1053f99da}</UniqueIdentifier>
    </Filter>
    <Filter Include="Source Files\glad">
      <UniqueIdentifier>{22acfb4d-1d54-4cfe-8755-5ac26d0f7e23}</UniqueIdentifier>
    </Filter>
    <Filter Include="Source Files\shaders">
      <UniqueIdentifier>{3b732a2d-1067-400f-b90f-bf6ff7a0df3e}</UniqueIdentifier>
    </Filter>
    <Filter Include="Header Files\imFileBrowser">
      <UniqueIdentifier>{f1b4d8a4-ef32-4502-a0a9-8bea63ab0b96}</UniqueIdentifier>
    </Filter>
    <Filter Include="Source Files\serial">
      <UniqueIdentifier>{1ad2a7be-233f-4c01-8c52-e9a1ca583114}</UniqueIdentifier>
    </Filter>
    <Filter Include="Header Files\serial">
      <UniqueIdentifier>{01cd9c3a-1211-4c97-b055-b6824b25df8b}</UniqueIdentifier>
    </Filter>
    <Filter Include="Source Files\implot">
      <UniqueIdentifier>{87ebffd4-7f05-4a24-b482-6b62e5223fd0}</UniqueIdentifier>
    </Filter>
    <Filter Include="Header Files\implot">
      <UniqueIdentifier>{db89dcd3-f7d9-4e83-938e-bd545fb38f0f}</UniqueIdentifier>
    </Filter>
  </ItemGroup>
  <ItemGroup>
    <ClCompile Include="main.cpp">
      <Filter>Source Files</Filter>
    </ClCompile>
    <ClCompile Include="..\Dependencies\imgui\imgui.cpp">
      <Filter>Source Files\imgui</Filter>
    </ClCompile>
    <ClCompile Include="..\Dependencies\imgui\imgui_demo.cpp">
      <Filter>Source Files\imgui</Filter>
    </ClCompile>
    <ClCompile Include="..\Dependencies\imgui\imgui_draw.cpp">
      <Filter>Source Files\imgui</Filter>
    </ClCompile>
    <ClCompile Include="..\Dependencies\imgui\imgui_impl_glfw.cpp">
      <Filter>Source Files\imgui</Filter>
    </ClCompile>
    <ClCompile Include="..\Dependencies\imgui\imgui_impl_opengl3.cpp">
      <Filter>Source Files\imgui</Filter>
    </ClCompile>
    <ClCompile Include="..\Dependencies\imgui\imgui_tables.cpp">
      <Filter>Source Files\imgui</Filter>
    </ClCompile>
    <ClCompile Include="..\Dependencies\imgui\imgui_widgets.cpp">
      <Filter>Source Files\imgui</Filter>
    </ClCompile>
    <ClCompile Include="events.cpp">
      <Filter>Source Files\utility</Filter>
    </ClCompile>
    <ClCompile Include="ui.cpp">
      <Filter>Source Files\utility</Filter>
    </ClCompile>
    <ClCompile Include="window.cpp">
      <Filter>Source Files\utility</Filter>
    </ClCompile>
    <ClCompile Include="..\Dependencies\glad\glad.c">
      <Filter>Source Files\glad</Filter>
    </ClCompile>
    <ClCompile Include="render.cpp">
      <Filter>Source Files\utility</Filter>
    </ClCompile>
    <ClCompile Include="load.cpp">
      <Filter>Source Files\utility</Filter>
    </ClCompile>
    <ClCompile Include="mouseMovement.cpp">
      <Filter>Source Files\utility</Filter>
    </ClCompile>
    <ClCompile Include="getInfo.cpp">
      <Filter>Source Files\utility</Filter>
    </ClCompile>
    <ClCompile Include="..\Dependencies\serial\src\serial.cc">
      <Filter>Source Files\serial</Filter>
    </ClCompile>
    <ClCompile Include="..\Dependencies\serial\src\impl\win.cc">
      <Filter>Source Files\serial</Filter>
    </ClCompile>
    <ClCompile Include="..\Dependencies\serial\src\impl\list_ports\list_ports_win.cc">
      <Filter>Source Files\serial</Filter>
    </ClCompile>
    <ClCompile Include="..\Dependencies\implot\implot.cpp">
      <Filter>Source Files\implot</Filter>
    </ClCompile>
    <ClCompile Include="..\Dependencies\implot\implot_demo.cpp">
      <Filter>Source Files\implot</Filter>
    </ClCompile>
    <ClCompile Include="..\Dependencies\implot\implot_items.cpp">
      <Filter>Source Files\implot</Filter>
    </ClCompile>
  </ItemGroup>
  <ItemGroup>
    <ClInclude Include="..\Dependencies\imgui\imconfig.h">
      <Filter>Header Files\imgui</Filter>
    </ClInclude>
    <ClInclude Include="..\Dependencies\imgui\imgui.h">
      <Filter>Header Files\imgui</Filter>
    </ClInclude>
    <ClInclude Include="..\Dependencies\imgui\imgui_impl_glfw.h">
      <Filter>Header Files\imgui</Filter>
    </ClInclude>
    <ClInclude Include="..\Dependencies\imgui\imgui_impl_opengl3.h">
      <Filter>Header Files\imgui</Filter>
    </ClInclude>
    <ClInclude Include="..\Dependencies\imgui\imgui_impl_opengl3_loader.h">
      <Filter>Header Files\imgui</Filter>
    </ClInclude>
    <ClInclude Include="..\Dependencies\imgui\imgui_internal.h">
      <Filter>Header Files\imgui</Filter>
    </ClInclude>
    <ClInclude Include="..\Dependencies\imgui\imstb_rectpack.h">
      <Filter>Header Files\imgui</Filter>
    </ClInclude>
    <ClInclude Include="..\Dependencies\imgui\imstb_textedit.h">
      <Filter>Header Files\imgui</Filter>
    </ClInclude>
    <ClInclude Include="..\Dependencies\imgui\imstb_truetype.h">
      <Filter>Header Files\imgui</Filter>
    </ClInclude>
    <ClInclude Include="events.hpp">
      <Filter>Header Files\utility</Filter>
    </ClInclude>
    <ClInclude Include="ui.hpp">
      <Filter>Header Files\utility</Filter>
    </ClInclude>
    <ClInclude Include="window.hpp">
      <Filter>Header Files\utility</Filter>
    </ClInclude>
    <ClInclude Include="render.hpp">
      <Filter>Header Files\utility</Filter>
    </ClInclude>
    <ClInclude Include="load.hpp">
      <Filter>Header Files\utility</Filter>
    </ClInclude>
    <ClInclude Include="common.hpp">
      <Filter>Header Files</Filter>
    </ClInclude>
    <ClInclude Include="mouseMovement.hpp">
      <Filter>Header Files\utility</Filter>
    </ClInclude>
    <ClInclude Include="..\Dependencies\imFileBrowser\imfilebrowser.h">
      <Filter>Header Files\imFileBrowser</Filter>
    </ClInclude>
    <ClInclude Include="getInfo.hpp">
      <Filter>Header Files\utility</Filter>
    </ClInclude>
    <ClInclude Include="..\Dependencies\serial\include\serial\serial.h">
      <Filter>Header Files\serial</Filter>
    </ClInclude>
    <ClInclude Include="..\Dependencies\serial\include\serial\impl\win.h">
      <Filter>Header Files\serial</Filter>
    </ClInclude>
    <ClInclude Include="..\Dependencies\implot\implot.h">
      <Filter>Header Files\implot</Filter>
    </ClInclude>
    <ClInclude Include="..\Dependencies\implot\implot_internal.h">
      <Filter>Header Files\implot</Filter>
    </ClInclude>
  </ItemGroup>
  <ItemGroup>
    <None Include="..\x64\shaders\fragment.glsl">
      <Filter>Source Files\shaders</Filter>
    </None>
    <None Include="..\x64\shaders\vertex.glsl">
      <Filter>Source Files\shaders</Filter>
    </None>
  </ItemGroup>
</Project>